
Microsoft Visual Studio Solution File, Format Version 12.00
# Visual Studio Version 16
VisualStudioVersion = 16.0.31702.278
MinimumVisualStudioVersion = 10.0.40219.1
Project("{9A19103F-16F7-4668-BE54-9A1E7A4F7556}") = "Scheduler", "Scheduler\Scheduler.csproj", "{3B2B2310-33DC-4E58-B6B9-BCE09D1CA627}"
EndProject
Project("{9A19103F-16F7-4668-BE54-9A1E7A4F7556}") = "Scheduler.Test", "Scheduler.Test\Scheduler.Test.csproj", "{50FD3E03-599C-41C7-AE5D-12823B022F73}"
EndProject
Global
	GlobalSection(SolutionConfigurationPlatforms) = preSolution
		Debug|Any CPU = Debug|Any CPU
		Release|Any CPU = Release|Any CPU
	EndGlobalSection
	GlobalSection(ProjectConfigurationPlatforms) = postSolution
		{3B2B2310-33DC-4E58-B6B9-BCE09D1CA627}.Debug|Any CPU.ActiveCfg = Debug|Any CPU
		{3B2B2310-33DC-4E58-B6B9-BCE09D1CA627}.Debug|Any CPU.Build.0 = Debug|Any CPU
		{3B2B2310-33DC-4E58-B6B9-BCE09D1CA627}.Release|Any CPU.ActiveCfg = Release|Any CPU
		{3B2B2310-33DC-4E58-B6B9-BCE09D1CA627}.Release|Any CPU.Build.0 = Release|Any CPU
		{50FD3E03-599C-41C7-AE5D-12823B022F73}.Debug|Any CPU.ActiveCfg = Debug|Any CPU
		{50FD3E03-599C-41C7-AE5D-12823B022F73}.Debug|Any CPU.Build.0 = Debug|Any CPU
		{50FD3E03-599C-41C7-AE5D-12823B022F73}.Release|Any CPU.ActiveCfg = Release|Any CPU
		{50FD3E03-599C-41C7-AE5D-12823B022F73}.Release|Any CPU.Build.0 = Release|Any CPU
	EndGlobalSection
	GlobalSection(SolutionProperties) = preSolution
		HideSolutionNode = FALSE
	EndGlobalSection
	GlobalSection(ExtensibilityGlobals) = postSolution
		SolutionGuid = {2EB40A33-70BA-46BE-AF21-AC19439B9458}
	EndGlobalSection
EndGlobal
